
Microsoft Visual Studio Solution File, Format Version 10.00
# Visual Studio 2008
Project("{FAE04EC0-301F-11D3-BF4B-00C04F79EFBC}") = "FolderMonitor", "FolderMonitor\FolderMonitor.csproj", "{145D0100-08AD-4BA7-8581-E942DD003723}"
EndProject
Project("{2150E333-8FDC-42A3-9474-1A3956D46DE8}") = "Code Style Enforcer", "Code Style Enforcer", "{0AF2796D-D1B9-4AC6-A888-B751AA27EBC1}"
	ProjectSection(SolutionItems) = preProject
		C:\Program Files\Code Style Enforcer\CustomRules\ImplementationRules.xml = C:\Program Files\Code Style Enforcer\CustomRules\ImplementationRules.xml
		C:\Program Files\Code Style Enforcer\CustomRules\NameRules.xml = C:\Program Files\Code Style Enforcer\CustomRules\NameRules.xml
		C:\Program Files\Code Style Enforcer\CustomRules\VisibilityRules.xml = C:\Program Files\Code Style Enforcer\CustomRules\VisibilityRules.xml
	EndProjectSection
EndProject
Global
	GlobalSection(SolutionConfigurationPlatforms) = preSolution
		Debug|Any CPU = Debug|Any CPU
		Release|Any CPU = Release|Any CPU
	EndGlobalSection
	GlobalSection(ProjectConfigurationPlatforms) = postSolution
		{145D0100-08AD-4BA7-8581-E942DD003723}.Debug|Any CPU.ActiveCfg = Debug|Any CPU
		{145D0100-08AD-4BA7-8581-E942DD003723}.Debug|Any CPU.Build.0 = Debug|Any CPU
		{145D0100-08AD-4BA7-8581-E942DD003723}.Release|Any CPU.ActiveCfg = Release|Any CPU
		{145D0100-08AD-4BA7-8581-E942DD003723}.Release|Any CPU.Build.0 = Release|Any CPU
	EndGlobalSection
	GlobalSection(SolutionProperties) = preSolution
		HideSolutionNode = FALSE
	EndGlobalSection
	GlobalSection(ExtensibilityGlobals) = postSolution
		CodeStyleEnforcer_RulesLocation = 0
		CodeStyleEnforcer_Active = -1
	EndGlobalSection
EndGlobal
